PODS:
  - Alamofire (4.8.2)
  - PhoneNumberKit (2.6.0):
    - PhoneNumberKit/PhoneNumberKitCore (= 2.6.0)
    - PhoneNumberKit/UIKit (= 2.6.0)
  - PhoneNumberKit/PhoneNumberKitCore (2.6.0)
  - PhoneNumberKit/UIKit (2.6.0):
    - PhoneNumberKit/PhoneNumberKitCore
  - PinCodeTextField (0.1.0)
  - SnapKit (5.0.0)

DEPENDENCIES:
  - Alamofire
  - PhoneNumberKit (~> 2.6)
  - PinCodeTextField
  - SnapKit

SPEC CHECKSUMS:
  Alamofire: ae5c501addb7afdbb13687d7f2f722c78734c2d3
  PhoneNumberKit: 167ee1f0bbb6efce7c62559e620eae745595532f
  PinCodeTextField: a3c39be58bde3ed1d6888d0fb1d88b0a4a2277cc
  SnapKit: fd22d10eb9aff484d79a8724eab922c1ddf89bcf

PODFILE CHECKSUM: 26aca55ac88e0730f25c6a53c0c71be032fd79fc

COCOAPODS: 1.4.0
